
Microsoft Visual Studio Solution File, Format Version 12.00
# Visual Studio 15
VisualStudioVersion = 15.0.26124.0
MinimumVisualStudioVersion = 15.0.26124.0
Project("{FAE04EC0-301F-11D3-BF4B-00C04F79EFBC}") = "application", "Api.Application\application.csproj", "{B78E59ED-CB7B-4E58-8AD2-0450F3F717DC}"
EndProject
Project("{FAE04EC0-301F-11D3-BF4B-00C04F79EFBC}") = "Domain", "Api.Domain\Domain.csproj", "{813E2A0A-5013-4BD8-A619-928D822EF26D}"
EndProject
Project("{FAE04EC0-301F-11D3-BF4B-00C04F79EFBC}") = "CrossCutting", "Api.CrossCutting\CrossCutting.csproj", "{9D2E5E1D-E2D1-45CD-92F7-3A8492EE23ED}"
EndProject
Project("{FAE04EC0-301F-11D3-BF4B-00C04F79EFBC}") = "Data", "Api.Data\Data.csproj", "{F6FA0DF5-7C32-4258-A11B-3D9017AE13E2}"
EndProject
Project("{FAE04EC0-301F-11D3-BF4B-00C04F79EFBC}") = "Service", "Api.Service\Service.csproj", "{FE8B6239-E411-4F37-B972-A14D340AC4B7}"
EndProject
Global
	GlobalSection(SolutionConfigurationPlatforms) = preSolution
		Debug|Any CPU = Debug|Any CPU
		Debug|x64 = Debug|x64
		Debug|x86 = Debug|x86
		Release|Any CPU = Release|Any CPU
		Release|x64 = Release|x64
		Release|x86 = Release|x86
	EndGlobalSection
	GlobalSection(SolutionProperties) = preSolution
		HideSolutionNode = FALSE
	EndGlobalSection
	GlobalSection(ProjectConfigurationPlatforms) = postSolution
		{B78E59ED-CB7B-4E58-8AD2-0450F3F717DC}.Debug|Any CPU.ActiveCfg = Debug|Any CPU
		{B78E59ED-CB7B-4E58-8AD2-0450F3F717DC}.Debug|Any CPU.Build.0 = Debug|Any CPU
		{B78E59ED-CB7B-4E58-8AD2-0450F3F717DC}.Debug|x64.ActiveCfg = Debug|Any CPU
		{B78E59ED-CB7B-4E58-8AD2-0450F3F717DC}.Debug|x64.Build.0 = Debug|Any CPU
		{B78E59ED-CB7B-4E58-8AD2-0450F3F717DC}.Debug|x86.ActiveCfg = Debug|Any CPU
		{B78E59ED-CB7B-4E58-8AD2-0450F3F717DC}.Debug|x86.Build.0 = Debug|Any CPU
		{B78E59ED-CB7B-4E58-8AD2-0450F3F717DC}.Release|Any CPU.ActiveCfg = Release|Any CPU
		{B78E59ED-CB7B-4E58-8AD2-0450F3F717DC}.Release|Any CPU.Build.0 = Release|Any CPU
		{B78E59ED-CB7B-4E58-8AD2-0450F3F717DC}.Release|x64.ActiveCfg = Release|Any CPU
		{B78E59ED-CB7B-4E58-8AD2-0450F3F717DC}.Release|x64.Build.0 = Release|Any CPU
		{B78E59ED-CB7B-4E58-8AD2-0450F3F717DC}.Release|x86.ActiveCfg = Release|Any CPU
		{B78E59ED-CB7B-4E58-8AD2-0450F3F717DC}.Release|x86.Build.0 = Release|Any CPU
		{813E2A0A-5013-4BD8-A619-928D822EF26D}.Debug|Any CPU.ActiveCfg = Debug|Any CPU
		{813E2A0A-5013-4BD8-A619-928D822EF26D}.Debug|Any CPU.Build.0 = Debug|Any CPU
		{813E2A0A-5013-4BD8-A619-928D822EF26D}.Debug|x64.ActiveCfg = Debug|Any CPU
		{813E2A0A-5013-4BD8-A619-928D822EF26D}.Debug|x64.Build.0 = Debug|Any CPU
		{813E2A0A-5013-4BD8-A619-928D822EF26D}.Debug|x86.ActiveCfg = Debug|Any CPU
		{813E2A0A-5013-4BD8-A619-928D822EF26D}.Debug|x86.Build.0 = Debug|Any CPU
		{813E2A0A-5013-4BD8-A619-928D822EF26D}.Release|Any CPU.ActiveCfg = Release|Any CPU
		{813E2A0A-5013-4BD8-A619-928D822EF26D}.Release|Any CPU.Build.0 = Release|Any CPU
		{813E2A0A-5013-4BD8-A619-928D822EF26D}.Release|x64.ActiveCfg = Release|Any CPU
		{813E2A0A-5013-4BD8-A619-928D822EF26D}.Release|x64.Build.0 = Release|Any CPU
		{813E2A0A-5013-4BD8-A619-928D822EF26D}.Release|x86.ActiveCfg = Release|Any CPU
		{813E2A0A-5013-4BD8-A619-928D822EF26D}.Release|x86.Build.0 = Release|Any CPU
		{9D2E5E1D-E2D1-45CD-92F7-3A8492EE23ED}.Debug|Any CPU.ActiveCfg = Debug|Any CPU
		{9D2E5E1D-E2D1-45CD-92F7-3A8492EE23ED}.Debug|Any CPU.Build.0 = Debug|Any CPU
		{9D2E5E1D-E2D1-45CD-92F7-3A8492EE23ED}.Debug|x64.ActiveCfg = Debug|Any CPU
		{9D2E5E1D-E2D1-45CD-92F7-3A8492EE23ED}.Debug|x64.Build.0 = Debug|Any CPU
		{9D2E5E1D-E2D1-45CD-92F7-3A8492EE23ED}.Debug|x86.ActiveCfg = Debug|Any CPU
		{9D2E5E1D-E2D1-45CD-92F7-3A8492EE23ED}.Debug|x86.Build.0 = Debug|Any CPU
		{9D2E5E1D-E2D1-45CD-92F7-3A8492EE23ED}.Release|Any CPU.ActiveCfg = Release|Any CPU
		{9D2E5E1D-E2D1-45CD-92F7-3A8492EE23ED}.Release|Any CPU.Build.0 = Release|Any CPU
		{9D2E5E1D-E2D1-45CD-92F7-3A8492EE23ED}.Release|x64.ActiveCfg = Release|Any CPU
		{9D2E5E1D-E2D1-45CD-92F7-3A8492EE23ED}.Release|x64.Build.0 = Release|Any CPU
		{9D2E5E1D-E2D1-45CD-92F7-3A8492EE23ED}.Release|x86.ActiveCfg = Release|Any CPU
		{9D2E5E1D-E2D1-45CD-92F7-3A8492EE23ED}.Release|x86.Build.0 = Release|Any CPU
		{F6FA0DF5-7C32-4258-A11B-3D9017AE13E2}.Debug|Any CPU.ActiveCfg = Debug|Any CPU
		{F6FA0DF5-7C32-4258-A11B-3D9017AE13E2}.Debug|Any CPU.Build.0 = Debug|Any CPU
		{F6FA0DF5-7C32-4258-A11B-3D9017AE13E2}.Debug|x64.ActiveCfg = Debug|Any CPU
		{F6FA0DF5-7C32-4258-A11B-3D9017AE13E2}.Debug|x64.Build.0 = Debug|Any CPU
		{F6FA0DF5-7C32-4258-A11B-3D9017AE13E2}.Debug|x86.ActiveCfg = Debug|Any CPU
		{F6FA0DF5-7C32-4258-A11B-3D9017AE13E2}.Debug|x86.Build.0 = Debug|Any CPU
		{F6FA0DF5-7C32-4258-A11B-3D9017AE13E2}.Release|Any CPU.ActiveCfg = Release|Any CPU
		{F6FA0DF5-7C32-4258-A11B-3D9017AE13E2}.Release|Any CPU.Build.0 = Release|Any CPU
		{F6FA0DF5-7C32-4258-A11B-3D9017AE13E2}.Release|x64.ActiveCfg = Release|Any CPU
		{F6FA0DF5-7C32-4258-A11B-3D9017AE13E2}.Release|x64.Build.0 = Release|Any CPU
		{F6FA0DF5-7C32-4258-A11B-3D9017AE13E2}.Release|x86.ActiveCfg = Release|Any CPU
		{F6FA0DF5-7C32-4258-A11B-3D9017AE13E2}.Release|x86.Build.0 = Release|Any CPU
		{FE8B6239-E411-4F37-B972-A14D340AC4B7}.Debug|Any CPU.ActiveCfg = Debug|Any CPU
		{FE8B6239-E411-4F37-B972-A14D340AC4B7}.Debug|Any CPU.Build.0 = Debug|Any CPU
		{FE8B6239-E411-4F37-B972-A14D340AC4B7}.Debug|x64.ActiveCfg = Debug|Any CPU
		{FE8B6239-E411-4F37-B972-A14D340AC4B7}.Debug|x64.Build.0 = Debug|Any CPU
		{FE8B6239-E411-4F37-B972-A14D340AC4B7}.Debug|x86.ActiveCfg = Debug|Any CPU
		{FE8B6239-E411-4F37-B972-A14D340AC4B7}.Debug|x86.Build.0 = Debug|Any CPU
		{FE8B6239-E411-4F37-B972-A14D340AC4B7}.Release|Any CPU.ActiveCfg = Release|Any CPU
		{FE8B6239-E411-4F37-B972-A14D340AC4B7}.Release|Any CPU.Build.0 = Release|Any CPU
		{FE8B6239-E411-4F37-B972-A14D340AC4B7}.Release|x64.ActiveCfg = Release|Any CPU
		{FE8B6239-E411-4F37-B972-A14D340AC4B7}.Release|x64.Build.0 = Release|Any CPU
		{FE8B6239-E411-4F37-B972-A14D340AC4B7}.Release|x86.ActiveCfg = Release|Any CPU
		{FE8B6239-E411-4F37-B972-A14D340AC4B7}.Release|x86.Build.0 = Release|Any CPU
	EndGlobalSection
EndGlobal
